
Microsoft Visual Studio Solution File, Format Version 12.00
# Visual Studio Version 16
VisualStudioVersion = 16.0.31515.178
MinimumVisualStudioVersion = 10.0.40219.1
Project("{8BC9CEB8-8B4A-11D0-8D11-00A0C91BC942}") = "Speech_contest_management_system", "Speech_contest_management_system.vcxproj", "{0337254D-47B0-4B4F-94BE-B68E1AEDD766}"
EndProject
Global
	GlobalSection(SolutionConfigurationPlatforms) = preSolution
		Debug|x64 = Debug|x64
		Debug|x86 = Debug|x86
		Release|x64 = Release|x64
		Release|x86 = Release|x86
	EndGlobalSection
	GlobalSection(ProjectConfigurationPlatforms) = postSolution
		{0337254D-47B0-4B4F-94BE-B68E1AEDD766}.Debug|x64.ActiveCfg = Debug|x64
		{0337254D-47B0-4B4F-94BE-B68E1AEDD766}.Debug|x64.Build.0 = Debug|x64
		{0337254D-47B0-4B4F-94BE-B68E1AEDD766}.Debug|x86.ActiveCfg = Debug|Win32
		{0337254D-47B0-4B4F-94BE-B68E1AEDD766}.Debug|x86.Build.0 = Debug|Win32
		{0337254D-47B0-4B4F-94BE-B68E1AEDD766}.Release|x64.ActiveCfg = Release|x64
		{0337254D-47B0-4B4F-94BE-B68E1AEDD766}.Release|x64.Build.0 = Release|x64
		{0337254D-47B0-4B4F-94BE-B68E1AEDD766}.Release|x86.ActiveCfg = Release|Win32
		{0337254D-47B0-4B4F-94BE-B68E1AEDD766}.Release|x86.Build.0 = Release|Win32
	EndGlobalSection
	GlobalSection(SolutionProperties) = preSolution
		HideSolutionNode = FALSE
	EndGlobalSection
	GlobalSection(ExtensibilityGlobals) = postSolution
		SolutionGuid = {9F819308-A11C-4C77-A11D-A8C6AF5F90E6}
	EndGlobalSection
EndGlobal
